
Microsoft Visual Studio Solution File, Format Version 12.00
# Visual Studio 15
VisualStudioVersion = 15.0.26730.12
MinimumVisualStudioVersion = 10.0.40219.1
Project("{FAE04EC0-301F-11D3-BF4B-00C04F79EFBC}") = "Licenta.DAL", "Licenta.DAL\Licenta.DAL.csproj", "{189ED995-FFAB-4DDE-ACB2-A62B15940DB3}"
EndProject
Project("{FAE04EC0-301F-11D3-BF4B-00C04F79EFBC}") = "Licenta.ConsoleUI", "Licenta.ConsoleUI\Licenta.ConsoleUI.csproj", "{5CBD4935-132D-4B97-8666-DD48785797F7}"
EndProject
Project("{FAE04EC0-301F-11D3-BF4B-00C04F79EFBC}") = "Licenta.MvcUI", "Licenta.MvcUI\Licenta.MvcUI.csproj", "{7F84F964-FCD6-4692-9B46-3D84FD171AA4}"
EndProject
Project("{FAE04EC0-301F-11D3-BF4B-00C04F79EFBC}") = "Licenta.MvcUI.Tests", "Licenta.MvcUI.Tests\Licenta.MvcUI.Tests.csproj", "{CC0F5B35-706C-48E0-ADC4-B35B1C5E2AAA}"
EndProject
Global
	GlobalSection(SolutionConfigurationPlatforms) = preSolution
		Debug|Any CPU = Debug|Any CPU
		Mihai1|Any CPU = Mihai1|Any CPU
		Release|Any CPU = Release|Any CPU
	EndGlobalSection
	GlobalSection(ProjectConfigurationPlatforms) = postSolution
		{189ED995-FFAB-4DDE-ACB2-A62B15940DB3}.Debug|Any CPU.ActiveCfg = Debug|Any CPU
		{189ED995-FFAB-4DDE-ACB2-A62B15940DB3}.Debug|Any CPU.Build.0 = Debug|Any CPU
		{189ED995-FFAB-4DDE-ACB2-A62B15940DB3}.Mihai1|Any CPU.ActiveCfg = Debug|Any CPU
		{189ED995-FFAB-4DDE-ACB2-A62B15940DB3}.Mihai1|Any CPU.Build.0 = Debug|Any CPU
		{189ED995-FFAB-4DDE-ACB2-A62B15940DB3}.Release|Any CPU.ActiveCfg = Release|Any CPU
		{189ED995-FFAB-4DDE-ACB2-A62B15940DB3}.Release|Any CPU.Build.0 = Release|Any CPU
		{5CBD4935-132D-4B97-8666-DD48785797F7}.Debug|Any CPU.ActiveCfg = Debug|Any CPU
		{5CBD4935-132D-4B97-8666-DD48785797F7}.Debug|Any CPU.Build.0 = Debug|Any CPU
		{5CBD4935-132D-4B97-8666-DD48785797F7}.Mihai1|Any CPU.ActiveCfg = Debug|Any CPU
		{5CBD4935-132D-4B97-8666-DD48785797F7}.Mihai1|Any CPU.Build.0 = Debug|Any CPU
		{5CBD4935-132D-4B97-8666-DD48785797F7}.Release|Any CPU.ActiveCfg = Release|Any CPU
		{5CBD4935-132D-4B97-8666-DD48785797F7}.Release|Any CPU.Build.0 = Release|Any CPU
		{7F84F964-FCD6-4692-9B46-3D84FD171AA4}.Debug|Any CPU.ActiveCfg = Debug|Any CPU
		{7F84F964-FCD6-4692-9B46-3D84FD171AA4}.Debug|Any CPU.Build.0 = Debug|Any CPU
		{7F84F964-FCD6-4692-9B46-3D84FD171AA4}.Mihai1|Any CPU.ActiveCfg = Mihai1|Any CPU
		{7F84F964-FCD6-4692-9B46-3D84FD171AA4}.Mihai1|Any CPU.Build.0 = Mihai1|Any CPU
		{7F84F964-FCD6-4692-9B46-3D84FD171AA4}.Release|Any CPU.ActiveCfg = Release|Any CPU
		{7F84F964-FCD6-4692-9B46-3D84FD171AA4}.Release|Any CPU.Build.0 = Release|Any CPU
		{CC0F5B35-706C-48E0-ADC4-B35B1C5E2AAA}.Debug|Any CPU.ActiveCfg = Debug|Any CPU
		{CC0F5B35-706C-48E0-ADC4-B35B1C5E2AAA}.Debug|Any CPU.Build.0 = Debug|Any CPU
		{CC0F5B35-706C-48E0-ADC4-B35B1C5E2AAA}.Mihai1|Any CPU.ActiveCfg = Debug|Any CPU
		{CC0F5B35-706C-48E0-ADC4-B35B1C5E2AAA}.Mihai1|Any CPU.Build.0 = Debug|Any CPU
		{CC0F5B35-706C-48E0-ADC4-B35B1C5E2AAA}.Release|Any CPU.ActiveCfg = Release|Any CPU
		{CC0F5B35-706C-48E0-ADC4-B35B1C5E2AAA}.Release|Any CPU.Build.0 = Release|Any CPU
	EndGlobalSection
	GlobalSection(SolutionProperties) = preSolution
		HideSolutionNode = FALSE
	EndGlobalSection
	GlobalSection(ExtensibilityGlobals) = postSolution
		SolutionGuid = {858C2B72-8D72-4AF6-8D1A-F7EC1E8C83FD}
	EndGlobalSection
EndGlobal
